
Microsoft Visual Studio Solution File, Format Version 12.00
# Visual Studio Version 17
VisualStudioVersion = 17.5.002.0
MinimumVisualStudioVersion = 10.0.40219.1
Project("{9A19103F-16F7-4668-BE54-9A1E7A4F7556}") = "Code", "Code\Code.csproj", "{31BA805E-26A5-4F3C-A669-B82AF0D071A3}"
EndProject
Global
	GlobalSection(SolutionConfigurationPlatforms) = preSolution
		Debug|Any CPU = Debug|Any CPU
		Release|Any CPU = Release|Any CPU
	EndGlobalSection
	GlobalSection(ProjectConfigurationPlatforms) = postSolution
		{31BA805E-26A5-4F3C-A669-B82AF0D071A3}.Debug|Any CPU.ActiveCfg = Debug|Any CPU
		{31BA805E-26A5-4F3C-A669-B82AF0D071A3}.Debug|Any CPU.Build.0 = Debug|Any CPU
		{31BA805E-26A5-4F3C-A669-B82AF0D071A3}.Release|Any CPU.ActiveCfg = Release|Any CPU
		{31BA805E-26A5-4F3C-A669-B82AF0D071A3}.Release|Any CPU.Build.0 = Release|Any CPU
	EndGlobalSection
	GlobalSection(SolutionProperties) = preSolution
		HideSolutionNode = FALSE
	EndGlobalSection
	GlobalSection(ExtensibilityGlobals) = postSolution
		SolutionGuid = {382A6EC4-6E00-4D28-80C4-A41D933E617A}
	EndGlobalSection
EndGlobal
