
Microsoft Visual Studio Solution File, Format Version 12.00
# Visual Studio Version 17
VisualStudioVersion = 17.5.002.0
MinimumVisualStudioVersion = 10.0.40219.1
Project("{9A19103F-16F7-4668-BE54-9A1E7A4F7556}") = "Code", "Code.csproj", "{D501FD16-5A1A-46EE-932C-918EDE5AAA5A}"
EndProject
Global
	GlobalSection(SolutionConfigurationPlatforms) = preSolution
		Debug|Any CPU = Debug|Any CPU
		Release|Any CPU = Release|Any CPU
	EndGlobalSection
	GlobalSection(ProjectConfigurationPlatforms) = postSolution
		{D501FD16-5A1A-46EE-932C-918EDE5AAA5A}.Debug|Any CPU.ActiveCfg = Debug|Any CPU
		{D501FD16-5A1A-46EE-932C-918EDE5AAA5A}.Debug|Any CPU.Build.0 = Debug|Any CPU
		{D501FD16-5A1A-46EE-932C-918EDE5AAA5A}.Release|Any CPU.ActiveCfg = Release|Any CPU
		{D501FD16-5A1A-46EE-932C-918EDE5AAA5A}.Release|Any CPU.Build.0 = Release|Any CPU
	EndGlobalSection
	GlobalSection(SolutionProperties) = preSolution
		HideSolutionNode = FALSE
	EndGlobalSection
	GlobalSection(ExtensibilityGlobals) = postSolution
		SolutionGuid = {E8F3E6BC-AD0F-4760-9C5B-061887C30D42}
	EndGlobalSection
EndGlobal
